// !$*UTF8*$!
{
	archiveVersion = 1;
	classes = {
	};
	objectVersion = 46;
	objects = {

/* Begin PBXBuildFile section */
		12A6AA033ED314FEDA9CC014 /* Pods_Instagram.framework in Frameworks */ = {isa = PBXBuildFile; fileRef = 1E0DFBBA11EE07D96D0E1FAE /* Pods_Instagram.framework */; };
		901DEF1C1C58757C006ADE62 /* PhotosViewController.swift in Sources */ = {isa = PBXBuildFile; fileRef = 901DEF1B1C58757C006ADE62 /* PhotosViewController.swift */; };
		901DEF1E1C587618006ADE62 /* PhotoCell.swift in Sources */ = {isa = PBXBuildFile; fileRef = 901DEF1D1C587618006ADE62 /* PhotoCell.swift */; };
		907DC15A1C58735F00A116D1 /* AppDelegate.swift in Sources */ = {isa = PBXBuildFile; fileRef = 907DC1591C58735F00A116D1 /* AppDelegate.swift */; };
		907DC15C1C58735F00A116D1 /* ViewController.swift in Sources */ = {isa = PBXBuildFile; fileRef = 907DC15B1C58735F00A116D1 /* ViewController.swift */; };
		907DC15F1C58735F00A116D1 /* Main.storyboard in Resources */ = {isa = PBXBuildFile; fileRef = 907DC15D1C58735F00A116D1 /* Main.storyboard */; };
		907DC1611C58735F00A116D1 /* Assets.xcassets in Resources */ = {isa = PBXBuildFile; fileRef = 907DC1601C58735F00A116D1 /* Assets.xcassets */; };
		907DC1641C58735F00A116D1 /* LaunchScreen.storyboard in Resources */ = {isa = PBXBuildFile; fileRef = 907DC1621C58735F00A116D1 /* LaunchScreen.storyboard */; };
/* End PBXBuildFile section */

/* Begin PBXFileReference section */
		1E0DFBBA11EE07D96D0E1FAE /* Pods_Instagram.framework */ = {isa = PBXFileReference; explicitFileType = wrapper.framework; includeInIndex = 0; path = Pods_Instagram.framework; sourceTree = BUILT_PRODUCTS_DIR; };
		37FF091BD8F91AD489FC3D6F /* Pods-Instagram.debug.xcconfig */ = {isa = PBXFileReference; includeInIndex = 1; lastKnownFileType = text.xcconfig; name = "Pods-Instagram.debug.xcconfig"; path = "Pods/Target Support Files/Pods-Instagram/Pods-Instagram.debug.xcconfig"; sourceTree = "<group>"; };
		901DEF1B1C58757C006ADE62 /* PhotosViewController.swift */ = {isa = PBXFileReference; fileEncoding = 4; lastKnownFileType = sourcecode.swift; path = PhotosViewController.swift; sourceTree = "<group>"; };
		901DEF1D1C587618006ADE62 /* PhotoCell.swift */ = {isa = PBXFileReference; fileEncoding = 4; lastKnownFileType = sourcecode.swift; path = PhotoCell.swift; sourceTree = "<group>"; };
		907DC1561C58735F00A116D1 /* Instagram.app */ = {isa = PBXFileReference; explicitFileType = wrapper.application; includeInIndex = 0; path = Instagram.app; sourceTree = BUILT_PRODUCTS_DIR; };
		907DC1591C58735F00A116D1 /* AppDelegate.swift */ = {isa = PBXFileReference; lastKnownFileType = sourcecode.swift; path = AppDelegate.swift; sourceTree = "<group>"; };
		907DC15B1C58735F00A116D1 /* ViewController.swift */ = {isa = PBXFileReference; lastKnownFileType = sourcecode.swift; path = ViewController.swift; sourceTree = "<group>"; };
		907DC15E1C58735F00A116D1 /* Base */ = {isa = PBXFileReference; lastKnownFileType = file.storyboard; name = Base; path = Base.lproj/Main.storyboard; sourceTree = "<group>"; };
		907DC1601C58735F00A116D1 /* Assets.xcassets */ = {isa = PBXFileReference; lastKnownFileType = folder.assetcatalog; path = Assets.xcassets; sourceTree = "<group>"; };
		907DC1631C58735F00A116D1 /* Base */ = {isa = PBXFileReference; lastKnownFileType = file.storyboard; name = Base; path = Base.lproj/LaunchScreen.storyboard; sourceTree = "<group>"; };
		907DC1651C58735F00A116D1 /* Info.plist */ = {isa = PBXFileReference; lastKnownFileType = text.plist.xml; path = Info.plist; sourceTree = "<group>"; };
		EFFDCAA61D8C290BA62519EC /* Pods-Instagram.release.xcconfig */ = {isa = PBXFileReference; includeInIndex = 1; lastKnownFileType = text.xcconfig; name = "Pods-Instagram.release.xcconfig"; path = "Pods/Target Support Files/Pods-Instagram/Pods-Instagram.release.xcconfig"; sourceTree = "<group>"; };
/* End PBXFileReference section */

/* Begin PBXFrameworksBuildPhase section */
		907DC1531C58735F00A116D1 /* Frameworks */ = {
			isa = PBXFrameworksBuildPhase;
			buildActionMask = 2147483647;
			files = (
				12A6AA033ED314FEDA9CC014 /* Pods_Instagram.framework in Frameworks */,
			);
			runOnlyForDeploymentPostprocessing = 0;
		};
/* End PBXFrameworksBuildPhase section */

/* Begin PBXGroup section */
		462A29DA7812ABBACD93E1B5 /* Pods */ = {
			isa = PBXGroup;
			children = (
				37FF091BD8F91AD489FC3D6F /* Pods-Instagram.debug.xcconfig */,
				EFFDCAA61D8C290BA62519EC /* Pods-Instagram.release.xcconfig */,
			);
			name = Pods;
			sourceTree = "<group>";
		};
		901DEF191C587506006ADE62 /* Views */ = {
			isa = PBXGroup;
			children = (
				901DEF1D1C587618006ADE62 /* PhotoCell.swift */,
			);
			name = Views;
			sourceTree = "<group>";
		};
		901DEF1A1C587511006ADE62 /* View Controllers */ = {
			isa = PBXGroup;
			children = (
				901DEF1B1C58757C006ADE62 /* PhotosViewController.swift */,
			);
			name = "View Controllers";
			sourceTree = "<group>";
		};
		907DC14D1C58735F00A116D1 = {
			isa = PBXGroup;
			children = (
				907DC1581C58735F00A116D1 /* Instagram */,
				907DC1571C58735F00A116D1 /* Products */,
				462A29DA7812ABBACD93E1B5 /* Pods */,
				F8A721984D536088E52BA7CD /* Frameworks */,
			);
			sourceTree = "<group>";
		};
		907DC1571C58735F00A116D1 /* Products */ = {
			isa = PBXGroup;
			children = (
				907DC1561C58735F00A116D1 /* Instagram.app */,
			);
			name = Products;
			sourceTree = "<group>";
		};
		907DC1581C58735F00A116D1 /* Instagram */ = {
			isa = PBXGroup;
			children = (
				901DEF1A1C587511006ADE62 /* View Controllers */,
				901DEF191C587506006ADE62 /* Views */,
				907DC1591C58735F00A116D1 /* AppDelegate.swift */,
				907DC15B1C58735F00A116D1 /* ViewController.swift */,
				907DC15D1C58735F00A116D1 /* Main.storyboard */,
				907DC1601C58735F00A116D1 /* Assets.xcassets */,
				907DC1621C58735F00A116D1 /* LaunchScreen.storyboard */,
				907DC1651C58735F00A116D1 /* Info.plist */,
			);
			path = Instagram;
			sourceTree = "<group>";
		};
		F8A721984D536088E52BA7CD /* Frameworks */ = {
			isa = PBXGroup;
			children = (
				1E0DFBBA11EE07D96D0E1FAE /* Pods_Instagram.framework */,
			);
			name = Frameworks;
			sourceTree = "<group>";
		};
/* End PBXGroup section */

/* Begin PBXNativeTarget section */
		907DC1551C58735F00A116D1 /* Instagram */ = {
			isa = PBXNativeTarget;
			buildConfigurationList = 907DC1681C58735F00A116D1 /* Build configuration list for PBXNativeTarget "Instagram" */;
			buildPhases = (
				AB22A719F9DC2AEAA02EEFEC /* Check Pods Manifest.lock */,
				907DC1521C58735F00A116D1 /* Sources */,
				907DC1531C58735F00A116D1 /* Frameworks */,
				907DC1541C58735F00A116D1 /* Resources */,
				04F3079CB2B6345E6BE643E6 /* Embed Pods Frameworks */,
				FA1D8CF3BB5048A4283C7CA8 /* Copy Pods Resources */,
			);
			buildRules = (
			);
			dependencies = (
			);
			name = Instagram;
			productName = Instagram;
			productReference = 907DC1561C58735F00A116D1 /* Instagram.app */;
			productType = "com.apple.product-type.application";
		};
/* End PBXNativeTarget section */

/* Begin PBXProject section */
		907DC14E1C58735F00A116D1 /* Project object */ = {
			isa = PBXProject;
			attributes = {
				LastSwiftUpdateCheck = 0720;
				LastUpgradeCheck = 0720;
				ORGANIZATIONNAME = "Quyen Mac";
				TargetAttributes = {
					907DC1551C58735F00A116D1 = {
						CreatedOnToolsVersion = 7.2;
					};
				};
			};
			buildConfigurationList = 907DC1511C58735F00A116D1 /* Build configuration list for PBXProject "Instagram" */;
			compatibilityVersion = "Xcode 3.2";
			developmentRegion = English;
			hasScannedForEncodings = 0;
			knownRegions = (
				en,
				Base,
			);
			mainGroup = 907DC14D1C58735F00A116D1;
			productRefGroup = 907DC1571C58735F00A116D1 /* Products */;
			projectDirPath = "";
			projectRoot = "";
			targets = (
				907DC1551C58735F00A116D1 /* Instagram */,
			);
		};
/* End PBXProject section */

/* Begin PBXResourcesBuildPhase section */
		907DC1541C58735F00A116D1 /* Resources */ = {
			isa = PBXResourcesBuildPhase;
			buildActionMask = 2147483647;
			files = (
				907DC1641C58735F00A116D1 /* LaunchScreen.storyboard in Resources */,
				907DC1611C58735F00A116D1 /* Assets.xcassets in Resources */,
				907DC15F1C58735F00A116D1 /* Main.storyboard in Resources */,
			);
			runOnlyForDeploymentPostprocessing = 0;
		};
/* End PBXResourcesBuildPhase section */

/* Begin PBXShellScriptBuildPhase section */
		04F3079CB2B6345E6BE643E6 /* Embed Pods Frameworks */ = {
			isa = PBXShellScriptBuildPhase;
			buildActionMask = 2147483647;
			files = (
			);
			inputPaths = (
			);
			name = "Embed Pods Frameworks";
			outputPaths = (
			);
			runOnlyForDeploymentPostprocessing = 0;
			shellPath = /bin/sh;
			shellScript = "\"${SRCROOT}/Pods/Target Support Files/Pods-Instagram/Pods-Instagram-frameworks.sh\"\n";
			showEnvVarsInLog = 0;
		};
		AB22A719F9DC2AEAA02EEFEC /* Check Pods Manifest.lock */ = {
			isa = PBXShellScriptBuildPhase;
			buildActionMask = 2147483647;
			files = (
			);
			inputPaths = (
			);
			name = "Check Pods Manifest.lock";
			outputPaths = (
			);
			runOnlyForDeploymentPostprocessing = 0;
			shellPath = /bin/sh;
			shellScript = "diff \"${PODS_ROOT}/../Podfile.lock\" \"${PODS_ROOT}/Manifest.lock\" > /dev/null\nif [[ $? != 0 ]] ; then\n    cat << EOM\nerror: The sandbox is not in sync with the Podfile.lock. Run 'pod install' or update your CocoaPods installation.\nEOM\n    exit 1\nfi\n";
			showEnvVarsInLog = 0;
		};
		FA1D8CF3BB5048A4283C7CA8 /* Copy Pods Resources */ = {
			isa = PBXShellScriptBuildPhase;
			buildActionMask = 2147483647;
			files = (
			);
			inputPaths = (
			);
			name = "Copy Pods Resources";
			outputPaths = (
			);
			runOnlyForDeploymentPostprocessing = 0;
			shellPath = /bin/sh;
			shellScript = "\"${SRCROOT}/Pods/Target Support Files/Pods-Instagram/Pods-Instagram-resources.sh\"\n";
			showEnvVarsInLog = 0;
		};
/* End PBXShellScriptBuildPhase section */

/* Begin PBXSourcesBuildPhase section */
		907DC1521C58735F00A116D1 /* Sources */ = {
			isa = PBXSourcesBuildPhase;
			buildActionMask = 2147483647;
			files = (
				901DEF1E1C587618006ADE62 /* PhotoCell.swift in Sources */,
				901DEF1C1C58757C006ADE62 /* PhotosViewController.swift in Sources */,
				907DC15C1C58735F00A116D1 /* ViewController.swift in Sources */,
				907DC15A1C58735F00A116D1 /* AppDelegate.swift in Sources */,
			);
			runOnlyForDeploymentPostprocessing = 0;
		};
/* End PBXSourcesBuildPhase section */

/* Begin PBXVariantGroup section */
		907DC15D1C58735F00A116D1 /* Main.storyboard */ = {
			isa = PBXVariantGroup;
			children = (
				907DC15E1C58735F00A116D1 /* Base */,
			);
			name = Main.storyboard;
			sourceTree = "<group>";
		};
		907DC1621C58735F00A116D1 /* LaunchScreen.storyboard */ = {
			isa = PBXVariantGroup;
			children = (
				907DC1631C58735F00A116D1 /* Base */,
			);
			name = LaunchScreen.storyboard;
			sourceTree = "<group>";
		};
/* End PBXVariantGroup section */

/* Begin XCBuildConfiguration section */
		907DC1661C58735F00A116D1 /* Debug */ = {
			isa = XCBuildConfiguration;
			buildSettings = {
				ALWAYS_SEARCH_USER_PATHS = NO;
				CLANG_CXX_LANGUAGE_STANDARD = "gnu++0x";
				CLANG_CXX_LIBRARY = "libc++";
				CLANG_ENABLE_MODULES = YES;
				CLANG_ENABLE_OBJC_ARC = YES;
				CLANG_WARN_BOOL_CONVERSION = YES;
				CLANG_WARN_CONSTANT_CONVERSION = YES;
				CLANG_WARN_DIRECT_OBJC_ISA_USAGE = YES_ERROR;
				CLANG_WARN_EMPTY_BODY = YES;
				CLANG_WARN_ENUM_CONVERSION = YES;
				CLANG_WARN_INT_CONVERSION = YES;
				CLANG_WARN_OBJC_ROOT_CLASS = YES_ERROR;
				CLANG_WARN_UNREACHABLE_CODE = YES;
				CLANG_WARN__DUPLICATE_METHOD_MATCH = YES;
				"CODE_SIGN_IDENTITY[sdk=iphoneos*]" = "iPhone Developer";
				COPY_PHASE_STRIP = NO;
				DEBUG_INFORMATION_FORMAT = dwarf;
				ENABLE_STRICT_OBJC_MSGSEND = YES;
				ENABLE_TESTABILITY = YES;
				GCC_C_LANGUAGE_STANDARD = gnu99;
				GCC_DYNAMIC_NO_PIC = NO;
				GCC_NO_COMMON_BLOCKS = YES;
				GCC_OPTIMIZATION_LEVEL = 0;
				GCC_PREPROCESSOR_DEFINITIONS = (
					"DEBUG=1",
					"$(inherited)",
				);
				GCC_WARN_64_TO_32_BIT_CONVERSION = YES;
				GCC_WARN_ABOUT_RETURN_TYPE = YES_ERROR;
				GCC_WARN_UNDECLARED_SELECTOR = YES;
				GCC_WARN_UNINITIALIZED_AUTOS = YES_AGGRESSIVE;
				GCC_WARN_UNUSED_FUNCTION = YES;
				GCC_WARN_UNUSED_VARIABLE = YES;
				IPHONEOS_DEPLOYMENT_TARGET = 9.2;
				MTL_ENABLE_DEBUG_INFO = YES;
				ONLY_ACTIVE_ARCH = YES;
				SDKROOT = iphoneos;
				SWIFT_OPTIMIZATION_LEVEL = "-Onone";
				TARGETED_DEVICE_FAMILY = "1,2";
			};
			name = Debug;
		};
		907DC1671C58735F00A116D1 /* Release */ = {
			isa = XCBuildConfiguration;
			buildSettings = {
				ALWAYS_SEARCH_USER_PATHS = NO;
				CLANG_CXX_LANGUAGE_STANDARD = "gnu++0x";
				CLANG_CXX_LIBRARY = "libc++";
				CLANG_ENABLE_MODULES = YES;
				CLANG_ENABLE_OBJC_ARC = YES;
				CLANG_WARN_BOOL_CONVERSION = YES;
				CLANG_WARN_CONSTANT_CONVERSION = YES;
				CLANG_WARN_DIRECT_OBJC_ISA_USAGE = YES_ERROR;
				CLANG_WARN_EMPTY_BODY = YES;
				CLANG_WARN_ENUM_CONVERSION = YES;
				CLANG_WARN_INT_CONVERSION = YES;
				CLANG_WARN_OBJC_ROOT_CLASS = YES_ERROR;
				CLANG_WARN_UNREACHABLE_CODE = YES;
				CLANG_WARN__DUPLICATE_METHOD_MATCH = YES;
				"CODE_SIGN_IDENTITY[sdk=iphoneos*]" = "iPhone Developer";
				COPY_PHASE_STRIP = NO;
				DEBUG_INFORMATION_FORMAT = "dwarf-with-dsym";
				ENABLE_NS_ASSERTIONS = NO;
				ENABLE_STRICT_OBJC_MSGSEND = YES;
				GCC_C_LANGUAGE_STANDARD = gnu99;
				GCC_NO_COMMON_BLOCKS = YES;
				GCC_WARN_64_TO_32_BIT_CONVERSION = YES;
				GCC_WARN_ABOUT_RETURN_TYPE = YES_ERROR;
				GCC_WARN_UNDECLARED_SELECTOR = YES;
				GCC_WARN_UNINITIALIZED_AUTOS = YES_AGGRESSIVE;
				GCC_WARN_UNUSED_FUNCTION = YES;
				GCC_WARN_UNUSED_VARIABLE = YES;
				IPHONEOS_DEPLOYMENT_TARGET = 9.2;
				MTL_ENABLE_DEBUG_INFO = NO;
				SDKROOT = iphoneos;
				TARGETED_DEVICE_FAMILY = "1,2";
				VALIDATE_PRODUCT = YES;
			};
			name = Release;
		};
		907DC1691C58735F00A116D1 /* Debug */ = {
			isa = XCBuildConfiguration;
			baseConfigurationReference = 37FF091BD8F91AD489FC3D6F /* Pods-Instagram.debug.xcconfig */;
			buildSettings = {
				ASSETCATALOG_COMPILER_APPICON_NAME = AppIcon;
				INFOPLIST_FILE = Instagram/Info.plist;
				LD_RUNPATH_SEARCH_PATHS = "$(inherited) @executable_path/Frameworks";
				PRODUCT_BUNDLE_IDENTIFIER = QuyenMac.Instagram;
				PRODUCT_NAME = "$(TARGET_NAME)";
			};
			name = Debug;
		};
		907DC16A1C58735F00A116D1 /* Release */ = {
			isa = XCBuildConfiguration;
			baseConfigurationReference = EFFDCAA61D8C290BA62519EC /* Pods-Instagram.release.xcconfig */;
			buildSettings = {
				ASSETCATALOG_COMPILER_APPICON_NAME = AppIcon;
				INFOPLIST_FILE = Instagram/Info.plist;
				LD_RUNPATH_SEARCH_PATHS = "$(inherited) @executable_path/Frameworks";
				PRODUCT_BUNDLE_IDENTIFIER = QuyenMac.Instagram;
				PRODUCT_NAME = "$(TARGET_NAME)";
			};
			name = Release;
		};
/* End XCBuildConfiguration section */

/* Begin XCConfigurationList section */
		907DC1511C58735F00A116D1 /* Build configuration list for PBXProject "Instagram" */ = {
			isa = XCConfigurationList;
			buildConfigurations = (
				907DC1661C58735F00A116D1 /* Debug */,
				907DC1671C58735F00A116D1 /* Release */,
			);
			defaultConfigurationIsVisible = 0;
			defaultConfigurationName = Release;
		};
		907DC1681C58735F00A116D1 /* Build configuration list for PBXNativeTarget "Instagram" */ = {
			isa = XCConfigurationList;
			buildConfigurations = (
				907DC1691C58735F00A116D1 /* Debug */,
				907DC16A1C58735F00A116D1 /* Release */,
			);
			defaultConfigurationIsVisible = 0;
			defaultConfigurationName = Release;
		};
/* End XCConfigurationList section */
	};
	rootObject = 907DC14E1C58735F00A116D1 /* Project object */;
}
